
Microsoft Visual Studio Solution File, Format Version 12.00
Project("{FAE04EC0-301F-11D3-BF4B-00C04F79EFBC}") = "Web.Api", "Web.Api\Web.Api.csproj", "{82B77D5F-FB8C-43E1-BA76-B8EB7E527641}"
EndProject
Project("{9A19103F-16F7-4668-BE54-9A1E7A4F7556}") = "Modules.Shared", "Modules\Shared\Modules.Shared\Modules.Shared.csproj", "{CAB842E5-82E4-436A-9265-89D51C214C96}"
EndProject
Project("{2150E333-8FDC-42A3-9474-1A3956D46DE8}") = "Modules", "Modules", "{E88C35A7-F2EC-45C6-AE19-67F7E8023688}"
EndProject
Project("{2150E333-8FDC-42A3-9474-1A3956D46DE8}") = "Modules.Cards", "Modules.Cards", "{10004429-A9F2-4A73-B9E3-5D61E3E1ECE8}"
EndProject
Project("{FAE04EC0-301F-11D3-BF4B-00C04F79EFBC}") = "Modules.Cards.Api", "Modules\Card\Modules.Cards.Api\Modules.Cards.Api.csproj", "{F0731054-5138-48C8-BA22-E986D586CFA9}"
EndProject
Project("{FAE04EC0-301F-11D3-BF4B-00C04F79EFBC}") = "Modules.Cards.Core", "Modules\Card\Modules.Cards.Core\Modules.Cards.Core.csproj", "{1B10D16C-9160-46AE-BDC4-63D4C1ADFD30}"
EndProject
Project("{FAE04EC0-301F-11D3-BF4B-00C04F79EFBC}") = "Modules.Cards.DataAccess", "Modules\Card\Modules.Cards.DataAccess\Modules.Cards.DataAccess.csproj", "{68BFFEBC-1E7A-4DB7-9656-5CA4845951C6}"
EndProject
Project("{2150E333-8FDC-42A3-9474-1A3956D46DE8}") = "Modules.Contacts", "Modules.Contacts", "{762E6047-2821-486D-832E-809403FD8F9F}"
EndProject
Project("{FAE04EC0-301F-11D3-BF4B-00C04F79EFBC}") = "Modules.Contacts.Api", "Modules\Contacts\Modules.Contacts.Api\Modules.Contacts.Api.csproj", "{47B38417-456C-4875-B441-5E97BD7A8D74}"
EndProject
Project("{FAE04EC0-301F-11D3-BF4B-00C04F79EFBC}") = "Modules.Contacts.Core", "Modules\Contacts\Modules.Contacts.Core\Modules.Contacts.Core.csproj", "{C144CB91-B003-4F2F-ADDF-04B32A55A86F}"
EndProject
Project("{FAE04EC0-301F-11D3-BF4B-00C04F79EFBC}") = "Modules.Contacts.DataAccess", "Modules\Contacts\Modules.Contacts.DataAccess\Modules.Contacts.DataAccess.csproj", "{82DBCE08-967E-4002-8F4A-35A1A01E77DD}"
EndProject
Project("{2150E333-8FDC-42A3-9474-1A3956D46DE8}") = "Modules.Transfers", "Modules.Transfers", "{D5D22C23-837A-4520-88B0-0BDBF0317245}"
EndProject
Project("{FAE04EC0-301F-11D3-BF4B-00C04F79EFBC}") = "Modules.Transfers.Api", "Modules\Transfers\Modules.Transfers.Api\Modules.Transfers.Api.csproj", "{CFE48BB5-42E4-40A6-A868-3F08DE31E8BF}"
EndProject
Project("{FAE04EC0-301F-11D3-BF4B-00C04F79EFBC}") = "Modules.Transfers.Core", "Modules\Transfers\Modules.Transfers.Core\Modules.Transfers.Core.csproj", "{786BEBAE-823B-480C-BDD0-7CA8FA2C3BEF}"
EndProject
Project("{FAE04EC0-301F-11D3-BF4B-00C04F79EFBC}") = "Modules.Transfers.DataAccess", "Modules\Transfers\Modules.Transfers.DataAccess\Modules.Transfers.DataAccess.csproj", "{4097AABC-8B33-415A-9F48-FCFA0C9F54FD}"
EndProject
Global
	GlobalSection(SolutionConfigurationPlatforms) = preSolution
		Debug|Any CPU = Debug|Any CPU
		Release|Any CPU = Release|Any CPU
	EndGlobalSection
	GlobalSection(ProjectConfigurationPlatforms) = postSolution
		{82B77D5F-FB8C-43E1-BA76-B8EB7E527641}.Debug|Any CPU.ActiveCfg = Debug|Any CPU
		{82B77D5F-FB8C-43E1-BA76-B8EB7E527641}.Debug|Any CPU.Build.0 = Debug|Any CPU
		{82B77D5F-FB8C-43E1-BA76-B8EB7E527641}.Release|Any CPU.ActiveCfg = Release|Any CPU
		{82B77D5F-FB8C-43E1-BA76-B8EB7E527641}.Release|Any CPU.Build.0 = Release|Any CPU
		{CAB842E5-82E4-436A-9265-89D51C214C96}.Debug|Any CPU.ActiveCfg = Debug|Any CPU
		{CAB842E5-82E4-436A-9265-89D51C214C96}.Debug|Any CPU.Build.0 = Debug|Any CPU
		{F0731054-5138-48C8-BA22-E986D586CFA9}.Debug|Any CPU.ActiveCfg = Debug|Any CPU
		{F0731054-5138-48C8-BA22-E986D586CFA9}.Debug|Any CPU.Build.0 = Debug|Any CPU
		{F0731054-5138-48C8-BA22-E986D586CFA9}.Release|Any CPU.ActiveCfg = Release|Any CPU
		{F0731054-5138-48C8-BA22-E986D586CFA9}.Release|Any CPU.Build.0 = Release|Any CPU
		{1B10D16C-9160-46AE-BDC4-63D4C1ADFD30}.Debug|Any CPU.ActiveCfg = Debug|Any CPU
		{1B10D16C-9160-46AE-BDC4-63D4C1ADFD30}.Debug|Any CPU.Build.0 = Debug|Any CPU
		{1B10D16C-9160-46AE-BDC4-63D4C1ADFD30}.Release|Any CPU.ActiveCfg = Release|Any CPU
		{1B10D16C-9160-46AE-BDC4-63D4C1ADFD30}.Release|Any CPU.Build.0 = Release|Any CPU
		{68BFFEBC-1E7A-4DB7-9656-5CA4845951C6}.Debug|Any CPU.ActiveCfg = Debug|Any CPU
		{68BFFEBC-1E7A-4DB7-9656-5CA4845951C6}.Debug|Any CPU.Build.0 = Debug|Any CPU
		{68BFFEBC-1E7A-4DB7-9656-5CA4845951C6}.Release|Any CPU.ActiveCfg = Release|Any CPU
		{68BFFEBC-1E7A-4DB7-9656-5CA4845951C6}.Release|Any CPU.Build.0 = Release|Any CPU
		{47B38417-456C-4875-B441-5E97BD7A8D74}.Debug|Any CPU.ActiveCfg = Debug|Any CPU
		{47B38417-456C-4875-B441-5E97BD7A8D74}.Debug|Any CPU.Build.0 = Debug|Any CPU
		{47B38417-456C-4875-B441-5E97BD7A8D74}.Release|Any CPU.ActiveCfg = Release|Any CPU
		{47B38417-456C-4875-B441-5E97BD7A8D74}.Release|Any CPU.Build.0 = Release|Any CPU
		{C144CB91-B003-4F2F-ADDF-04B32A55A86F}.Debug|Any CPU.ActiveCfg = Debug|Any CPU
		{C144CB91-B003-4F2F-ADDF-04B32A55A86F}.Debug|Any CPU.Build.0 = Debug|Any CPU
		{C144CB91-B003-4F2F-ADDF-04B32A55A86F}.Release|Any CPU.ActiveCfg = Release|Any CPU
		{C144CB91-B003-4F2F-ADDF-04B32A55A86F}.Release|Any CPU.Build.0 = Release|Any CPU
		{82DBCE08-967E-4002-8F4A-35A1A01E77DD}.Debug|Any CPU.ActiveCfg = Debug|Any CPU
		{82DBCE08-967E-4002-8F4A-35A1A01E77DD}.Debug|Any CPU.Build.0 = Debug|Any CPU
		{82DBCE08-967E-4002-8F4A-35A1A01E77DD}.Release|Any CPU.ActiveCfg = Release|Any CPU
		{82DBCE08-967E-4002-8F4A-35A1A01E77DD}.Release|Any CPU.Build.0 = Release|Any CPU
		{CFE48BB5-42E4-40A6-A868-3F08DE31E8BF}.Debug|Any CPU.ActiveCfg = Debug|Any CPU
		{CFE48BB5-42E4-40A6-A868-3F08DE31E8BF}.Debug|Any CPU.Build.0 = Debug|Any CPU
		{CFE48BB5-42E4-40A6-A868-3F08DE31E8BF}.Release|Any CPU.ActiveCfg = Release|Any CPU
		{CFE48BB5-42E4-40A6-A868-3F08DE31E8BF}.Release|Any CPU.Build.0 = Release|Any CPU
		{786BEBAE-823B-480C-BDD0-7CA8FA2C3BEF}.Debug|Any CPU.ActiveCfg = Debug|Any CPU
		{786BEBAE-823B-480C-BDD0-7CA8FA2C3BEF}.Debug|Any CPU.Build.0 = Debug|Any CPU
		{786BEBAE-823B-480C-BDD0-7CA8FA2C3BEF}.Release|Any CPU.ActiveCfg = Release|Any CPU
		{786BEBAE-823B-480C-BDD0-7CA8FA2C3BEF}.Release|Any CPU.Build.0 = Release|Any CPU
		{4097AABC-8B33-415A-9F48-FCFA0C9F54FD}.Debug|Any CPU.ActiveCfg = Debug|Any CPU
		{4097AABC-8B33-415A-9F48-FCFA0C9F54FD}.Debug|Any CPU.Build.0 = Debug|Any CPU
		{4097AABC-8B33-415A-9F48-FCFA0C9F54FD}.Release|Any CPU.ActiveCfg = Release|Any CPU
		{4097AABC-8B33-415A-9F48-FCFA0C9F54FD}.Release|Any CPU.Build.0 = Release|Any CPU
	EndGlobalSection
	GlobalSection(NestedProjects) = preSolution
		{CAB842E5-82E4-436A-9265-89D51C214C96} = {E88C35A7-F2EC-45C6-AE19-67F7E8023688}
		{10004429-A9F2-4A73-B9E3-5D61E3E1ECE8} = {E88C35A7-F2EC-45C6-AE19-67F7E8023688}
		{F0731054-5138-48C8-BA22-E986D586CFA9} = {10004429-A9F2-4A73-B9E3-5D61E3E1ECE8}
		{1B10D16C-9160-46AE-BDC4-63D4C1ADFD30} = {10004429-A9F2-4A73-B9E3-5D61E3E1ECE8}
		{68BFFEBC-1E7A-4DB7-9656-5CA4845951C6} = {10004429-A9F2-4A73-B9E3-5D61E3E1ECE8}
		{762E6047-2821-486D-832E-809403FD8F9F} = {E88C35A7-F2EC-45C6-AE19-67F7E8023688}
		{47B38417-456C-4875-B441-5E97BD7A8D74} = {762E6047-2821-486D-832E-809403FD8F9F}
		{C144CB91-B003-4F2F-ADDF-04B32A55A86F} = {762E6047-2821-486D-832E-809403FD8F9F}
		{82DBCE08-967E-4002-8F4A-35A1A01E77DD} = {762E6047-2821-486D-832E-809403FD8F9F}
		{D5D22C23-837A-4520-88B0-0BDBF0317245} = {E88C35A7-F2EC-45C6-AE19-67F7E8023688}
		{CFE48BB5-42E4-40A6-A868-3F08DE31E8BF} = {D5D22C23-837A-4520-88B0-0BDBF0317245}
		{786BEBAE-823B-480C-BDD0-7CA8FA2C3BEF} = {D5D22C23-837A-4520-88B0-0BDBF0317245}
		{4097AABC-8B33-415A-9F48-FCFA0C9F54FD} = {D5D22C23-837A-4520-88B0-0BDBF0317245}
	EndGlobalSection
EndGlobal
